
Microsoft Visual Studio Solution File, Format Version 12.00
# Visual Studio Version 16
VisualStudioVersion = 16.0.30611.23
MinimumVisualStudioVersion = 10.0.40219.1
Project("{FAE04EC0-301F-11D3-BF4B-00C04F79EFBC}") = "TreeViewWPF", "TreeViewWPF\TreeViewWPF.csproj", "{065EE368-2271-4EC0-B444-7B3327788789}"
EndProject
Global
	GlobalSection(SolutionConfigurationPlatforms) = preSolution
		Debug|Any CPU = Debug|Any CPU
		Release|Any CPU = Release|Any CPU
	EndGlobalSection
	GlobalSection(ProjectConfigurationPlatforms) = postSolution
		{065EE368-2271-4EC0-B444-7B3327788789}.Debug|Any CPU.ActiveCfg = Debug|Any CPU
		{065EE368-2271-4EC0-B444-7B3327788789}.Debug|Any CPU.Build.0 = Debug|Any CPU
		{065EE368-2271-4EC0-B444-7B3327788789}.Release|Any CPU.ActiveCfg = Release|Any CPU
		{065EE368-2271-4EC0-B444-7B3327788789}.Release|Any CPU.Build.0 = Release|Any CPU
	EndGlobalSection
	GlobalSection(SolutionProperties) = preSolution
		HideSolutionNode = FALSE
	EndGlobalSection
	GlobalSection(ExtensibilityGlobals) = postSolution
		SolutionGuid = {CAD77547-0446-4A8B-BB23-62373D523A59}
	EndGlobalSection
EndGlobal
